{
    "name": "@softvisio/psqls",
    "version": "1.3.20",
    "lockfileVersion": 3,
    "requires": true,
    "packages": {
        "": {
            "name": "@softvisio/psqls",
            "version": "1.3.20",
            "license": "ISC",
            "bin": {
                "psql": "bin/psql.js"
            }
        }
    }
}
